
Microsoft Visual Studio Solution File, Format Version 12.00
# Visual Studio 14
VisualStudioVersion = 14.0.23107.0
MinimumVisualStudioVersion = 10.0.40219.1
Project("{FAE04EC0-301F-11D3-BF4B-00C04F79EFBC}") = "OnlineCoding.Server", "OnlineCoding.Server\OnlineCoding.Server.csproj", "{5064B6FB-4A16-4B30-AC22-F74F5E0453B2}"
EndProject
Project("{FAE04EC0-301F-11D3-BF4B-00C04F79EFBC}") = "OnlineCoding.Dal", "OnlineCoding.Dal\OnlineCoding.Dal.csproj", "{65F3D20B-2133-49FA-8FF9-7BE2FC0EEF32}"
EndProject
Project("{FAE04EC0-301F-11D3-BF4B-00C04F79EFBC}") = "OnlineCoding.Bal", "OnlineCoding.Bal\OnlineCoding.Bal.csproj", "{8E365564-CE84-48E6-8215-933183F6C106}"
EndProject
Project("{FAE04EC0-301F-11D3-BF4B-00C04F79EFBC}") = "OnlineCoding.WebManagement", "OnlineCoding.WebManagement\OnlineCoding.WebManagement.csproj", "{8F8EC394-6DA1-4B9B-B377-6D31AC302DCD}"
EndProject
Project("{FAE04EC0-301F-11D3-BF4B-00C04F79EFBC}") = "OnlineCoding.Domain", "OnlineCoding.Domain\OnlineCoding.Domain.csproj", "{8EB63A9A-8DDC-40EB-822E-48E093A7C614}"
EndProject
Project("{FAE04EC0-301F-11D3-BF4B-00C04F79EFBC}") = "OnlineCoding.IBal", "OnlineCoding.IBal\OnlineCoding.IBal.csproj", "{3FE94D0C-146D-454B-B198-BDDA7ADCD595}"
EndProject
Project("{FAE04EC0-301F-11D3-BF4B-00C04F79EFBC}") = "OnlineCoding.IDal", "OnlineCoding.IDal\OnlineCoding.IDal.csproj", "{9A1DDB4B-D8BE-4D33-B09C-CB79C28861CE}"
EndProject
Project("{FAE04EC0-301F-11D3-BF4B-00C04F79EFBC}") = "OnlineCoding.Bal.UnitTests", "OnlineCoding.Bal.UnitTests\OnlineCoding.Bal.UnitTests.csproj", "{F2C95403-9858-4D70-AE39-F57EE31A1375}"
EndProject
Project("{FAE04EC0-301F-11D3-BF4B-00C04F79EFBC}") = "OnlineCoding.Dal.UnitTests", "OnlineCoding.Dal.UnitTests\OnlineCoding.Dal.UnitTests.csproj", "{0BE2DC7D-DE30-49AB-8216-F5AA1C9350C4}"
EndProject
Project("{FAE04EC0-301F-11D3-BF4B-00C04F79EFBC}") = "OnlineCoding.Server.UnitTests", "OnlineCoding.Server.UnitTests\OnlineCoding.Server.UnitTests.csproj", "{9EE0BA56-2888-43D5-9816-8DBF2030167D}"
EndProject
Project("{2150E333-8FDC-42A3-9474-1A3956D46DE8}") = "Bal", "Bal", "{43D7957C-ACD2-4CAA-B9F9-B6E3D932D169}"
EndProject
Project("{2150E333-8FDC-42A3-9474-1A3956D46DE8}") = "Dal", "Dal", "{72F917A5-532A-4376-9EE9-7502A540EC72}"
EndProject
Project("{2150E333-8FDC-42A3-9474-1A3956D46DE8}") = "Web", "Web", "{3A5BC39F-1F43-4AEB-AC1E-52CD5FBE86A2}"
EndProject
Project("{2150E333-8FDC-42A3-9474-1A3956D46DE8}") = "Windows", "Windows", "{F789F157-56A4-4553-A9DB-7C0535FAE30D}"
EndProject
Project("{2150E333-8FDC-42A3-9474-1A3956D46DE8}") = "Domain", "Domain", "{B86C2216-EF58-4877-835E-66E6B722B285}"
EndProject
Project("{FAE04EC0-301F-11D3-BF4B-00C04F79EFBC}") = "Onlinecoding.ServerHost", "Onlinecoding.ServerHost\Onlinecoding.ServerHost.csproj", "{5BB092B8-83F7-443A-8D03-FD1E929A72D5}"
EndProject
Global
	GlobalSection(SolutionConfigurationPlatforms) = preSolution
		Debug|Any CPU = Debug|Any CPU
		Release|Any CPU = Release|Any CPU
	EndGlobalSection
	GlobalSection(ProjectConfigurationPlatforms) = postSolution
		{5064B6FB-4A16-4B30-AC22-F74F5E0453B2}.Debug|Any CPU.ActiveCfg = Debug|Any CPU
		{5064B6FB-4A16-4B30-AC22-F74F5E0453B2}.Debug|Any CPU.Build.0 = Debug|Any CPU
		{5064B6FB-4A16-4B30-AC22-F74F5E0453B2}.Release|Any CPU.ActiveCfg = Release|Any CPU
		{5064B6FB-4A16-4B30-AC22-F74F5E0453B2}.Release|Any CPU.Build.0 = Release|Any CPU
		{65F3D20B-2133-49FA-8FF9-7BE2FC0EEF32}.Debug|Any CPU.ActiveCfg = Debug|Any CPU
		{65F3D20B-2133-49FA-8FF9-7BE2FC0EEF32}.Debug|Any CPU.Build.0 = Debug|Any CPU
		{65F3D20B-2133-49FA-8FF9-7BE2FC0EEF32}.Release|Any CPU.ActiveCfg = Release|Any CPU
		{65F3D20B-2133-49FA-8FF9-7BE2FC0EEF32}.Release|Any CPU.Build.0 = Release|Any CPU
		{8E365564-CE84-48E6-8215-933183F6C106}.Debug|Any CPU.ActiveCfg = Debug|Any CPU
		{8E365564-CE84-48E6-8215-933183F6C106}.Debug|Any CPU.Build.0 = Debug|Any CPU
		{8E365564-CE84-48E6-8215-933183F6C106}.Release|Any CPU.ActiveCfg = Release|Any CPU
		{8E365564-CE84-48E6-8215-933183F6C106}.Release|Any CPU.Build.0 = Release|Any CPU
		{8F8EC394-6DA1-4B9B-B377-6D31AC302DCD}.Debug|Any CPU.ActiveCfg = Debug|Any CPU
		{8F8EC394-6DA1-4B9B-B377-6D31AC302DCD}.Debug|Any CPU.Build.0 = Debug|Any CPU
		{8F8EC394-6DA1-4B9B-B377-6D31AC302DCD}.Release|Any CPU.ActiveCfg = Release|Any CPU
		{8F8EC394-6DA1-4B9B-B377-6D31AC302DCD}.Release|Any CPU.Build.0 = Release|Any CPU
		{8EB63A9A-8DDC-40EB-822E-48E093A7C614}.Debug|Any CPU.ActiveCfg = Debug|Any CPU
		{8EB63A9A-8DDC-40EB-822E-48E093A7C614}.Debug|Any CPU.Build.0 = Debug|Any CPU
		{8EB63A9A-8DDC-40EB-822E-48E093A7C614}.Release|Any CPU.ActiveCfg = Release|Any CPU
		{8EB63A9A-8DDC-40EB-822E-48E093A7C614}.Release|Any CPU.Build.0 = Release|Any CPU
		{3FE94D0C-146D-454B-B198-BDDA7ADCD595}.Debug|Any CPU.ActiveCfg = Debug|Any CPU
		{3FE94D0C-146D-454B-B198-BDDA7ADCD595}.Debug|Any CPU.Build.0 = Debug|Any CPU
		{3FE94D0C-146D-454B-B198-BDDA7ADCD595}.Release|Any CPU.ActiveCfg = Release|Any CPU
		{3FE94D0C-146D-454B-B198-BDDA7ADCD595}.Release|Any CPU.Build.0 = Release|Any CPU
		{9A1DDB4B-D8BE-4D33-B09C-CB79C28861CE}.Debug|Any CPU.ActiveCfg = Debug|Any CPU
		{9A1DDB4B-D8BE-4D33-B09C-CB79C28861CE}.Debug|Any CPU.Build.0 = Debug|Any CPU
		{9A1DDB4B-D8BE-4D33-B09C-CB79C28861CE}.Release|Any CPU.ActiveCfg = Release|Any CPU
		{9A1DDB4B-D8BE-4D33-B09C-CB79C28861CE}.Release|Any CPU.Build.0 = Release|Any CPU
		{F2C95403-9858-4D70-AE39-F57EE31A1375}.Debug|Any CPU.ActiveCfg = Debug|Any CPU
		{F2C95403-9858-4D70-AE39-F57EE31A1375}.Debug|Any CPU.Build.0 = Debug|Any CPU
		{F2C95403-9858-4D70-AE39-F57EE31A1375}.Release|Any CPU.ActiveCfg = Release|Any CPU
		{F2C95403-9858-4D70-AE39-F57EE31A1375}.Release|Any CPU.Build.0 = Release|Any CPU
		{0BE2DC7D-DE30-49AB-8216-F5AA1C9350C4}.Debug|Any CPU.ActiveCfg = Debug|Any CPU
		{0BE2DC7D-DE30-49AB-8216-F5AA1C9350C4}.Debug|Any CPU.Build.0 = Debug|Any CPU
		{0BE2DC7D-DE30-49AB-8216-F5AA1C9350C4}.Release|Any CPU.ActiveCfg = Release|Any CPU
		{0BE2DC7D-DE30-49AB-8216-F5AA1C9350C4}.Release|Any CPU.Build.0 = Release|Any CPU
		{9EE0BA56-2888-43D5-9816-8DBF2030167D}.Debug|Any CPU.ActiveCfg = Debug|Any CPU
		{9EE0BA56-2888-43D5-9816-8DBF2030167D}.Debug|Any CPU.Build.0 = Debug|Any CPU
		{9EE0BA56-2888-43D5-9816-8DBF2030167D}.Release|Any CPU.ActiveCfg = Release|Any CPU
		{9EE0BA56-2888-43D5-9816-8DBF2030167D}.Release|Any CPU.Build.0 = Release|Any CPU
		{5BB092B8-83F7-443A-8D03-FD1E929A72D5}.Debug|Any CPU.ActiveCfg = Debug|Any CPU
		{5BB092B8-83F7-443A-8D03-FD1E929A72D5}.Debug|Any CPU.Build.0 = Debug|Any CPU
		{5BB092B8-83F7-443A-8D03-FD1E929A72D5}.Release|Any CPU.ActiveCfg = Release|Any CPU
		{5BB092B8-83F7-443A-8D03-FD1E929A72D5}.Release|Any CPU.Build.0 = Release|Any CPU
	EndGlobalSection
	GlobalSection(SolutionProperties) = preSolution
		HideSolutionNode = FALSE
	EndGlobalSection
	GlobalSection(NestedProjects) = preSolution
		{5064B6FB-4A16-4B30-AC22-F74F5E0453B2} = {3A5BC39F-1F43-4AEB-AC1E-52CD5FBE86A2}
		{65F3D20B-2133-49FA-8FF9-7BE2FC0EEF32} = {72F917A5-532A-4376-9EE9-7502A540EC72}
		{8E365564-CE84-48E6-8215-933183F6C106} = {43D7957C-ACD2-4CAA-B9F9-B6E3D932D169}
		{8F8EC394-6DA1-4B9B-B377-6D31AC302DCD} = {3A5BC39F-1F43-4AEB-AC1E-52CD5FBE86A2}
		{8EB63A9A-8DDC-40EB-822E-48E093A7C614} = {B86C2216-EF58-4877-835E-66E6B722B285}
		{3FE94D0C-146D-454B-B198-BDDA7ADCD595} = {43D7957C-ACD2-4CAA-B9F9-B6E3D932D169}
		{9A1DDB4B-D8BE-4D33-B09C-CB79C28861CE} = {72F917A5-532A-4376-9EE9-7502A540EC72}
		{F2C95403-9858-4D70-AE39-F57EE31A1375} = {43D7957C-ACD2-4CAA-B9F9-B6E3D932D169}
		{0BE2DC7D-DE30-49AB-8216-F5AA1C9350C4} = {72F917A5-532A-4376-9EE9-7502A540EC72}
		{9EE0BA56-2888-43D5-9816-8DBF2030167D} = {3A5BC39F-1F43-4AEB-AC1E-52CD5FBE86A2}
		{5BB092B8-83F7-443A-8D03-FD1E929A72D5} = {3A5BC39F-1F43-4AEB-AC1E-52CD5FBE86A2}
	EndGlobalSection
EndGlobal
